
Microsoft Visual Studio Solution File, Format Version 12.00
# Visual Studio Version 17
VisualStudioVersion = 17.1.32210.238
MinimumVisualStudioVersion = 10.0.40219.1
Project("{9A19103F-16F7-4668-BE54-9A1E7A4F7556}") = "StudentInfoSystem", "StudentInfoSystem.csproj", "{626B90E8-AC15-4850-A875-4ABE0A50C330}"
EndProject
Global
	GlobalSection(SolutionConfigurationPlatforms) = preSolution
		Debug|Any CPU = Debug|Any CPU
		Release|Any CPU = Release|Any CPU
	EndGlobalSection
	GlobalSection(ProjectConfigurationPlatforms) = postSolution
		{626B90E8-AC15-4850-A875-4ABE0A50C330}.Debug|Any CPU.ActiveCfg = Debug|Any CPU
		{626B90E8-AC15-4850-A875-4ABE0A50C330}.Debug|Any CPU.Build.0 = Debug|Any CPU
		{626B90E8-AC15-4850-A875-4ABE0A50C330}.Release|Any CPU.ActiveCfg = Release|Any CPU
		{626B90E8-AC15-4850-A875-4ABE0A50C330}.Release|Any CPU.Build.0 = Release|Any CPU
	EndGlobalSection
	GlobalSection(SolutionProperties) = preSolution
		HideSolutionNode = FALSE
	EndGlobalSection
	GlobalSection(ExtensibilityGlobals) = postSolution
		SolutionGuid = {DC8CC8D8-02F4-4A68-91E1-1B7765C095CC}
	EndGlobalSection
EndGlobal
